
Microsoft Visual Studio Solution File, Format Version 12.00
# Visual Studio Version 16
VisualStudioVersion = 16.0.30907.101
MinimumVisualStudioVersion = 10.0.40219.1
Project("{9A19103F-16F7-4668-BE54-9A1E7A4F7556}") = "GroceryAPI", "GroceryAPI\GroceryAPI.csproj", "{DDC17985-F655-478E-BFF7-64215CF0ECCC}"
EndProject
Project("{FAE04EC0-301F-11D3-BF4B-00C04F79EFBC}") = "Repository", "GroceryRepository\Repository.csproj", "{C3A834E5-3093-4BBD-81ED-0127CF798887}"
EndProject
Global
	GlobalSection(SolutionConfigurationPlatforms) = preSolution
		Debug|Any CPU = Debug|Any CPU
		Release|Any CPU = Release|Any CPU
	EndGlobalSection
	GlobalSection(ProjectConfigurationPlatforms) = postSolution
		{DDC17985-F655-478E-BFF7-64215CF0ECCC}.Debug|Any CPU.ActiveCfg = Debug|Any CPU
		{DDC17985-F655-478E-BFF7-64215CF0ECCC}.Debug|Any CPU.Build.0 = Debug|Any CPU
		{DDC17985-F655-478E-BFF7-64215CF0ECCC}.Release|Any CPU.ActiveCfg = Release|Any CPU
		{DDC17985-F655-478E-BFF7-64215CF0ECCC}.Release|Any CPU.Build.0 = Release|Any CPU
		{C3A834E5-3093-4BBD-81ED-0127CF798887}.Debug|Any CPU.ActiveCfg = Debug|Any CPU
		{C3A834E5-3093-4BBD-81ED-0127CF798887}.Debug|Any CPU.Build.0 = Debug|Any CPU
		{C3A834E5-3093-4BBD-81ED-0127CF798887}.Release|Any CPU.ActiveCfg = Release|Any CPU
		{C3A834E5-3093-4BBD-81ED-0127CF798887}.Release|Any CPU.Build.0 = Release|Any CPU
	EndGlobalSection
	GlobalSection(SolutionProperties) = preSolution
		HideSolutionNode = FALSE
	EndGlobalSection
	GlobalSection(ExtensibilityGlobals) = postSolution
		SolutionGuid = {1F2BEE61-74C1-4515-880F-7D19EA801CBC}
	EndGlobalSection
EndGlobal
